
Microsoft Visual Studio Solution File, Format Version 12.00
# Visual Studio Version 17
VisualStudioVersion = 17.9.34701.34
MinimumVisualStudioVersion = 10.0.40219.1
Project("{FAE04EC0-301F-11D3-BF4B-00C04F79EFBC}") = "Paint", "Paint\Paint.csproj", "{8D8CDD29-AB42-4C0B-9F6A-864B52B8C833}"
EndProject
Global
	GlobalSection(SolutionConfigurationPlatforms) = preSolution
		Debug|Any CPU = Debug|Any CPU
		Release|Any CPU = Release|Any CPU
	EndGlobalSection
	GlobalSection(ProjectConfigurationPlatforms) = postSolution
		{8D8CDD29-AB42-4C0B-9F6A-864B52B8C833}.Debug|Any CPU.ActiveCfg = Debug|Any CPU
		{8D8CDD29-AB42-4C0B-9F6A-864B52B8C833}.Debug|Any CPU.Build.0 = Debug|Any CPU
		{8D8CDD29-AB42-4C0B-9F6A-864B52B8C833}.Release|Any CPU.ActiveCfg = Release|Any CPU
		{8D8CDD29-AB42-4C0B-9F6A-864B52B8C833}.Release|Any CPU.Build.0 = Release|Any CPU
	EndGlobalSection
	GlobalSection(SolutionProperties) = preSolution
		HideSolutionNode = FALSE
	EndGlobalSection
	GlobalSection(ExtensibilityGlobals) = postSolution
		SolutionGuid = {8FACEBBE-4E24-4196-9C23-F60DF82CFDF8}
	EndGlobalSection
EndGlobal
